
Microsoft Visual Studio Solution File, Format Version 12.00
# Visual Studio Version 16
VisualStudioVersion = 16.0.29806.167
MinimumVisualStudioVersion = 10.0.40219.1
Project("{FAE04EC0-301F-11D3-BF4B-00C04F79EFBC}") = "HastaneOtomasyonu.WebAPI", "HastaneOtomasyonu.WebAPI\HastaneOtomasyonu.WebAPI.csproj", "{E4245445-58C4-414E-8F9D-6CA7EFAC4A29}"
EndProject
Project("{FAE04EC0-301F-11D3-BF4B-00C04F79EFBC}") = "HastaneOtomasyonu.Entity", "HastaneOtomasyonu.Entity\HastaneOtomasyonu.Entity.csproj", "{5CC5E647-B891-4207-8A0D-16E0B2F1EDE1}"
EndProject
Project("{FAE04EC0-301F-11D3-BF4B-00C04F79EFBC}") = "HastaneOtomasyonu.DataAccess", "HastaneOtomasyonu.DataAccess\HastaneOtomasyonu.DataAccess.csproj", "{8480CDDA-0A14-49D5-B67B-77624D70F927}"
EndProject
Project("{FAE04EC0-301F-11D3-BF4B-00C04F79EFBC}") = "HastaneOtomasyonu.Bussiness", "HastaneOtomasyonu.Bussiness\HastaneOtomasyonu.Bussiness.csproj", "{536F69E2-9475-44A4-9AE6-69C972F8C632}"
EndProject
Global
	GlobalSection(SolutionConfigurationPlatforms) = preSolution
		Debug|Any CPU = Debug|Any CPU
		Release|Any CPU = Release|Any CPU
	EndGlobalSection
	GlobalSection(ProjectConfigurationPlatforms) = postSolution
		{E4245445-58C4-414E-8F9D-6CA7EFAC4A29}.Debug|Any CPU.ActiveCfg = Debug|Any CPU
		{E4245445-58C4-414E-8F9D-6CA7EFAC4A29}.Debug|Any CPU.Build.0 = Debug|Any CPU
		{E4245445-58C4-414E-8F9D-6CA7EFAC4A29}.Release|Any CPU.ActiveCfg = Release|Any CPU
		{E4245445-58C4-414E-8F9D-6CA7EFAC4A29}.Release|Any CPU.Build.0 = Release|Any CPU
		{5CC5E647-B891-4207-8A0D-16E0B2F1EDE1}.Debug|Any CPU.ActiveCfg = Debug|Any CPU
		{5CC5E647-B891-4207-8A0D-16E0B2F1EDE1}.Debug|Any CPU.Build.0 = Debug|Any CPU
		{5CC5E647-B891-4207-8A0D-16E0B2F1EDE1}.Release|Any CPU.ActiveCfg = Release|Any CPU
		{5CC5E647-B891-4207-8A0D-16E0B2F1EDE1}.Release|Any CPU.Build.0 = Release|Any CPU
		{8480CDDA-0A14-49D5-B67B-77624D70F927}.Debug|Any CPU.ActiveCfg = Debug|Any CPU
		{8480CDDA-0A14-49D5-B67B-77624D70F927}.Debug|Any CPU.Build.0 = Debug|Any CPU
		{8480CDDA-0A14-49D5-B67B-77624D70F927}.Release|Any CPU.ActiveCfg = Release|Any CPU
		{8480CDDA-0A14-49D5-B67B-77624D70F927}.Release|Any CPU.Build.0 = Release|Any CPU
		{536F69E2-9475-44A4-9AE6-69C972F8C632}.Debug|Any CPU.ActiveCfg = Debug|Any CPU
		{536F69E2-9475-44A4-9AE6-69C972F8C632}.Debug|Any CPU.Build.0 = Debug|Any CPU
		{536F69E2-9475-44A4-9AE6-69C972F8C632}.Release|Any CPU.ActiveCfg = Release|Any CPU
		{536F69E2-9475-44A4-9AE6-69C972F8C632}.Release|Any CPU.Build.0 = Release|Any CPU
	EndGlobalSection
	GlobalSection(SolutionProperties) = preSolution
		HideSolutionNode = FALSE
	EndGlobalSection
	GlobalSection(ExtensibilityGlobals) = postSolution
		SolutionGuid = {A7529B35-08B8-4B85-B230-27FC4C2189D3}
	EndGlobalSection
EndGlobal
